
Microsoft Visual Studio Solution File, Format Version 12.00
# Visual Studio 15
VisualStudioVersion = 15.0.28307.1209
MinimumVisualStudioVersion = 10.0.40219.1
Project("{FAE04EC0-301F-11D3-BF4B-00C04F79EFBC}") = "EjemplosWin", "EjemplosWin\EjemplosWin.csproj", "{03E15F34-3543-446B-933A-C8C6A0B99054}"
EndProject
Global
	GlobalSection(SolutionConfigurationPlatforms) = preSolution
		Debug|Any CPU = Debug|Any CPU
		Release|Any CPU = Release|Any CPU
	EndGlobalSection
	GlobalSection(ProjectConfigurationPlatforms) = postSolution
		{03E15F34-3543-446B-933A-C8C6A0B99054}.Debug|Any CPU.ActiveCfg = Debug|Any CPU
		{03E15F34-3543-446B-933A-C8C6A0B99054}.Debug|Any CPU.Build.0 = Debug|Any CPU
		{03E15F34-3543-446B-933A-C8C6A0B99054}.Release|Any CPU.ActiveCfg = Release|Any CPU
		{03E15F34-3543-446B-933A-C8C6A0B99054}.Release|Any CPU.Build.0 = Release|Any CPU
	EndGlobalSection
	GlobalSection(SolutionProperties) = preSolution
		HideSolutionNode = FALSE
	EndGlobalSection
	GlobalSection(ExtensibilityGlobals) = postSolution
		SolutionGuid = {88EE76E8-F3A1-4471-9CBA-89C69822A01B}
	EndGlobalSection
EndGlobal
